
Microsoft Visual Studio Solution File, Format Version 12.00
# Visual Studio Version 17
VisualStudioVersion = 17.5.002.0
MinimumVisualStudioVersion = 10.0.40219.1
Project("{9A19103F-16F7-4668-BE54-9A1E7A4F7556}") = "RabbitMQ", "RabbitMQ\RabbitMQ.csproj", "{FFBAA790-C230-4ACB-9B61-E17D7C33B533}"
EndProject
Project("{2150E333-8FDC-42A3-9474-1A3956D46DE8}") = "Solution Items", "Solution Items", "{44994B73-3749-4668-B07C-06C4EECACB4C}"
	ProjectSection(SolutionItems) = preProject
		docker-compose.yml = docker-compose.yml
	EndProjectSection
EndProject
Global
	GlobalSection(SolutionConfigurationPlatforms) = preSolution
		Debug|Any CPU = Debug|Any CPU
		Release|Any CPU = Release|Any CPU
	EndGlobalSection
	GlobalSection(ProjectConfigurationPlatforms) = postSolution
		{FFBAA790-C230-4ACB-9B61-E17D7C33B533}.Debug|Any CPU.ActiveCfg = Debug|Any CPU
		{FFBAA790-C230-4ACB-9B61-E17D7C33B533}.Debug|Any CPU.Build.0 = Debug|Any CPU
		{FFBAA790-C230-4ACB-9B61-E17D7C33B533}.Release|Any CPU.ActiveCfg = Release|Any CPU
		{FFBAA790-C230-4ACB-9B61-E17D7C33B533}.Release|Any CPU.Build.0 = Release|Any CPU
	EndGlobalSection
	GlobalSection(SolutionProperties) = preSolution
		HideSolutionNode = FALSE
	EndGlobalSection
	GlobalSection(ExtensibilityGlobals) = postSolution
		SolutionGuid = {7A131677-D2AC-4D02-BDCE-508A66C3454D}
	EndGlobalSection
EndGlobal
