
Microsoft Visual Studio Solution File, Format Version 12.00
# Visual Studio Version 17
VisualStudioVersion = 17.5.002.0
MinimumVisualStudioVersion = 10.0.40219.1
Project("{9A19103F-16F7-4668-BE54-9A1E7A4F7556}") = "RabbitMQ", "RabbitMQ.csproj", "{5231AE11-5AF3-4B84-BC88-B5D992DDEF95}"
EndProject
Global
	GlobalSection(SolutionConfigurationPlatforms) = preSolution
		Debug|Any CPU = Debug|Any CPU
		Release|Any CPU = Release|Any CPU
	EndGlobalSection
	GlobalSection(ProjectConfigurationPlatforms) = postSolution
		{5231AE11-5AF3-4B84-BC88-B5D992DDEF95}.Debug|Any CPU.ActiveCfg = Debug|Any CPU
		{5231AE11-5AF3-4B84-BC88-B5D992DDEF95}.Debug|Any CPU.Build.0 = Debug|Any CPU
		{5231AE11-5AF3-4B84-BC88-B5D992DDEF95}.Release|Any CPU.ActiveCfg = Release|Any CPU
		{5231AE11-5AF3-4B84-BC88-B5D992DDEF95}.Release|Any CPU.Build.0 = Release|Any CPU
	EndGlobalSection
	GlobalSection(SolutionProperties) = preSolution
		HideSolutionNode = FALSE
	EndGlobalSection
	GlobalSection(ExtensibilityGlobals) = postSolution
		SolutionGuid = {879D6608-49E5-4BE4-98DF-83EDD78B770E}
	EndGlobalSection
EndGlobal
